
Microsoft Visual Studio Solution File, Format Version 12.00
# Visual Studio Version 17
VisualStudioVersion = 17.7.34031.279
MinimumVisualStudioVersion = 10.0.40219.1
Project("{FAE04EC0-301F-11D3-BF4B-00C04F79EFBC}") = "AllUpp project", "AllUpp project.csproj", "{68FF6A14-2F67-4A6A-A9E8-E1FB69935C49}"
EndProject
Global
	GlobalSection(SolutionConfigurationPlatforms) = preSolution
		Debug|Any CPU = Debug|Any CPU
		Release|Any CPU = Release|Any CPU
	EndGlobalSection
	GlobalSection(ProjectConfigurationPlatforms) = postSolution
		{68FF6A14-2F67-4A6A-A9E8-E1FB69935C49}.Debug|Any CPU.ActiveCfg = Debug|Any CPU
		{68FF6A14-2F67-4A6A-A9E8-E1FB69935C49}.Debug|Any CPU.Build.0 = Debug|Any CPU
		{68FF6A14-2F67-4A6A-A9E8-E1FB69935C49}.Release|Any CPU.ActiveCfg = Release|Any CPU
		{68FF6A14-2F67-4A6A-A9E8-E1FB69935C49}.Release|Any CPU.Build.0 = Release|Any CPU
	EndGlobalSection
	GlobalSection(SolutionProperties) = preSolution
		HideSolutionNode = FALSE
	EndGlobalSection
	GlobalSection(ExtensibilityGlobals) = postSolution
		SolutionGuid = {6636F8EB-B6D1-4EFC-B6B5-1F4870FA36FC}
	EndGlobalSection
EndGlobal
